
Microsoft Visual Studio Solution File, Format Version 12.00
# Visual Studio Version 17
VisualStudioVersion = 17.3.32929.385
MinimumVisualStudioVersion = 10.0.40219.1
Project("{FAE04EC0-301F-11D3-BF4B-00C04F79EFBC}") = "BE-Contacts", "BE-Contacts\BE-Contacts.csproj", "{D03054C9-555E-4CB4-9B5A-DE58A4BB5754}"
EndProject
Global
	GlobalSection(SolutionConfigurationPlatforms) = preSolution
		Debug|Any CPU = Debug|Any CPU
		Release|Any CPU = Release|Any CPU
	EndGlobalSection
	GlobalSection(ProjectConfigurationPlatforms) = postSolution
		{D03054C9-555E-4CB4-9B5A-DE58A4BB5754}.Debug|Any CPU.ActiveCfg = Debug|Any CPU
		{D03054C9-555E-4CB4-9B5A-DE58A4BB5754}.Debug|Any CPU.Build.0 = Debug|Any CPU
		{D03054C9-555E-4CB4-9B5A-DE58A4BB5754}.Release|Any CPU.ActiveCfg = Release|Any CPU
		{D03054C9-555E-4CB4-9B5A-DE58A4BB5754}.Release|Any CPU.Build.0 = Release|Any CPU
	EndGlobalSection
	GlobalSection(SolutionProperties) = preSolution
		HideSolutionNode = FALSE
	EndGlobalSection
	GlobalSection(ExtensibilityGlobals) = postSolution
		SolutionGuid = {96116E33-7138-4740-B3D3-BA037760D97F}
	EndGlobalSection
EndGlobal
